// !$*UTF8*$!
{
	archiveVersion = 1;
	classes = {
	};
	objectVersion = 46;
	objects = {

/* Begin PBXBuildFile section */
		908D052D1D64FA9800BAFF47 /* cavepaintings.jpg in Resources */ = {isa = PBXBuildFile; fileRef = 908D052C1D64FA9800BAFF47 /* cavepaintings.jpg */; };
		908D053C1D68C05500BAFF47 /* BrekoutPhysics.swift in Sources */ = {isa = PBXBuildFile; fileRef = 908D053B1D68C05500BAFF47 /* BrekoutPhysics.swift */; };
		909325161D7247FD0047A511 /* SettingsTableViewController.swift in Sources */ = {isa = PBXBuildFile; fileRef = 909325151D7247FC0047A511 /* SettingsTableViewController.swift */; };
		90DDB42C1D63BC3400D04134 /* AppDelegate.swift in Sources */ = {isa = PBXBuildFile; fileRef = 90DDB42B1D63BC3400D04134 /* AppDelegate.swift */; };
		90DDB42E1D63BC3400D04134 /* BreakoutViewController.swift in Sources */ = {isa = PBXBuildFile; fileRef = 90DDB42D1D63BC3400D04134 /* BreakoutViewController.swift */; };
		90DDB4311D63BC3400D04134 /* Main.storyboard in Resources */ = {isa = PBXBuildFile; fileRef = 90DDB42F1D63BC3400D04134 /* Main.storyboard */; };
		90DDB4331D63BC3400D04134 /* Assets.xcassets in Resources */ = {isa = PBXBuildFile; fileRef = 90DDB4321D63BC3400D04134 /* Assets.xcassets */; };
		90DDB4361D63BC3400D04134 /* LaunchScreen.storyboard in Resources */ = {isa = PBXBuildFile; fileRef = 90DDB4341D63BC3400D04134 /* LaunchScreen.storyboard */; };
		90E6B9061D7AEDEF00AE50AC /* winner.jpg in Resources */ = {isa = PBXBuildFile; fileRef = 90E6B8FF1D7AEDEF00AE50AC /* winner.jpg */; };
		90E6B9071D7AEDEF00AE50AC /* game-over.jpg in Resources */ = {isa = PBXBuildFile; fileRef = 90E6B9001D7AEDEF00AE50AC /* game-over.jpg */; };
		90E6B9081D7AEDEF00AE50AC /* mammoth.png in Resources */ = {isa = PBXBuildFile; fileRef = 90E6B9011D7AEDEF00AE50AC /* mammoth.png */; };
		90E6B9091D7AEDEF00AE50AC /* stone.png in Resources */ = {isa = PBXBuildFile; fileRef = 90E6B9021D7AEDEF00AE50AC /* stone.png */; };
		90E6B91B1D7B7A5D00AE50AC /* rock-brick.png in Resources */ = {isa = PBXBuildFile; fileRef = 90E6B91A1D7B7A5D00AE50AC /* rock-brick.png */; };
		90E6B91D1D7B7C8D00AE50AC /* paddle.png in Resources */ = {isa = PBXBuildFile; fileRef = 90E6B91C1D7B7C8D00AE50AC /* paddle.png */; };
		90F525781D74E07A00AF5789 /* Settings-50.png in Resources */ = {isa = PBXBuildFile; fileRef = 90F525761D74E07A00AF5789 /* Settings-50.png */; };
		90F525791D74E07A00AF5789 /* Stones-50.png in Resources */ = {isa = PBXBuildFile; fileRef = 90F525771D74E07A00AF5789 /* Stones-50.png */; };
/* End PBXBuildFile section */

/* Begin PBXFileReference section */
		908D052C1D64FA9800BAFF47 /* cavepaintings.jpg */ = {isa = PBXFileReference; lastKnownFileType = image.jpeg; path = cavepaintings.jpg; sourceTree = "<group>"; };
		908D053B1D68C05500BAFF47 /* BrekoutPhysics.swift */ = {isa = PBXFileReference; fileEncoding = 4; lastKnownFileType = sourcecode.swift; path = BrekoutPhysics.swift; sourceTree = "<group>"; };
		909325151D7247FC0047A511 /* SettingsTableViewController.swift */ = {isa = PBXFileReference; fileEncoding = 4; lastKnownFileType = sourcecode.swift; path = SettingsTableViewController.swift; sourceTree = "<group>"; };
		90DDB4281D63BC3300D04134 /* PrehistoricBreakout.app */ = {isa = PBXFileReference; explicitFileType = wrapper.application; includeInIndex = 0; path = PrehistoricBreakout.app; sourceTree = BUILT_PRODUCTS_DIR; };
		90DDB42B1D63BC3400D04134 /* AppDelegate.swift */ = {isa = PBXFileReference; lastKnownFileType = sourcecode.swift; path = AppDelegate.swift; sourceTree = "<group>"; };
		90DDB42D1D63BC3400D04134 /* BreakoutViewController.swift */ = {isa = PBXFileReference; lastKnownFileType = sourcecode.swift; path = BreakoutViewController.swift; sourceTree = "<group>"; };
		90DDB4301D63BC3400D04134 /* Base */ = {isa = PBXFileReference; lastKnownFileType = file.storyboard; name = Base; path = Base.lproj/Main.storyboard; sourceTree = "<group>"; };
		90DDB4321D63BC3400D04134 /* Assets.xcassets */ = {isa = PBXFileReference; lastKnownFileType = folder.assetcatalog; path = Assets.xcassets; sourceTree = "<group>"; };
		90DDB4351D63BC3400D04134 /* Base */ = {isa = PBXFileReference; lastKnownFileType = file.storyboard; name = Base; path = Base.lproj/LaunchScreen.storyboard; sourceTree = "<group>"; };
		90DDB4371D63BC3400D04134 /* Info.plist */ = {isa = PBXFileReference; lastKnownFileType = text.plist.xml; path = Info.plist; sourceTree = "<group>"; };
		90E6B8FF1D7AEDEF00AE50AC /* winner.jpg */ = {isa = PBXFileReference; lastKnownFileType = image.jpeg; path = winner.jpg; sourceTree = "<group>"; };
		90E6B9001D7AEDEF00AE50AC /* game-over.jpg */ = {isa = PBXFileReference; lastKnownFileType = image.jpeg; path = "game-over.jpg"; sourceTree = "<group>"; };
		90E6B9011D7AEDEF00AE50AC /* mammoth.png */ = {isa = PBXFileReference; lastKnownFileType = image.png; path = mammoth.png; sourceTree = "<group>"; };
		90E6B9021D7AEDEF00AE50AC /* stone.png */ = {isa = PBXFileReference; lastKnownFileType = image.png; path = stone.png; sourceTree = "<group>"; };
		90E6B91A1D7B7A5D00AE50AC /* rock-brick.png */ = {isa = PBXFileReference; lastKnownFileType = image.png; path = "rock-brick.png"; sourceTree = "<group>"; };
		90E6B91C1D7B7C8D00AE50AC /* paddle.png */ = {isa = PBXFileReference; lastKnownFileType = image.png; path = paddle.png; sourceTree = "<group>"; };
		90F525761D74E07A00AF5789 /* Settings-50.png */ = {isa = PBXFileReference; lastKnownFileType = image.png; path = "Settings-50.png"; sourceTree = "<group>"; };
		90F525771D74E07A00AF5789 /* Stones-50.png */ = {isa = PBXFileReference; lastKnownFileType = image.png; path = "Stones-50.png"; sourceTree = "<group>"; };
/* End PBXFileReference section */

/* Begin PBXFrameworksBuildPhase section */
		90DDB4251D63BC3300D04134 /* Frameworks */ = {
			isa = PBXFrameworksBuildPhase;
			buildActionMask = 2147483647;
			files = (
			);
			runOnlyForDeploymentPostprocessing = 0;
		};
/* End PBXFrameworksBuildPhase section */

/* Begin PBXGroup section */
		908D052A1D64FA4E00BAFF47 /* Images */ = {
			isa = PBXGroup;
			children = (
				90E6B91C1D7B7C8D00AE50AC /* paddle.png */,
				90E6B91A1D7B7A5D00AE50AC /* rock-brick.png */,
				908D052C1D64FA9800BAFF47 /* cavepaintings.jpg */,
				90F525761D74E07A00AF5789 /* Settings-50.png */,
				90F525771D74E07A00AF5789 /* Stones-50.png */,
				90E6B8FF1D7AEDEF00AE50AC /* winner.jpg */,
				90E6B9001D7AEDEF00AE50AC /* game-over.jpg */,
				90E6B9011D7AEDEF00AE50AC /* mammoth.png */,
				90E6B9021D7AEDEF00AE50AC /* stone.png */,
			);
			name = Images;
			path = Breakout/Images;
			sourceTree = "<group>";
		};
		908D052B1D64FA7200BAFF47 /* Supporting Files */ = {
			isa = PBXGroup;
			children = (
				90DDB42B1D63BC3400D04134 /* AppDelegate.swift */,
				90DDB4321D63BC3400D04134 /* Assets.xcassets */,
				90DDB4341D63BC3400D04134 /* LaunchScreen.storyboard */,
				90DDB4371D63BC3400D04134 /* Info.plist */,
			);
			name = "Supporting Files";
			sourceTree = "<group>";
		};
		908D053D1D68CF5600BAFF47 /* Model */ = {
			isa = PBXGroup;
			children = (
				908D053B1D68C05500BAFF47 /* BrekoutPhysics.swift */,
			);
			path = Model;
			sourceTree = "<group>";
		};
		90DDB41F1D63BC3300D04134 = {
			isa = PBXGroup;
			children = (
				908D052A1D64FA4E00BAFF47 /* Images */,
				90DDB42A1D63BC3300D04134 /* Breakout */,
				90DDB4291D63BC3300D04134 /* Products */,
			);
			sourceTree = "<group>";
		};
		90DDB4291D63BC3300D04134 /* Products */ = {
			isa = PBXGroup;
			children = (
				90DDB4281D63BC3300D04134 /* PrehistoricBreakout.app */,
			);
			name = Products;
			sourceTree = "<group>";
		};
		90DDB42A1D63BC3300D04134 /* Breakout */ = {
			isa = PBXGroup;
			children = (
				908D053D1D68CF5600BAFF47 /* Model */,
				90DDB42D1D63BC3400D04134 /* BreakoutViewController.swift */,
				909325151D7247FC0047A511 /* SettingsTableViewController.swift */,
				90DDB42F1D63BC3400D04134 /* Main.storyboard */,
				908D052B1D64FA7200BAFF47 /* Supporting Files */,
			);
			path = Breakout;
			sourceTree = "<group>";
		};
/* End PBXGroup section */

/* Begin PBXNativeTarget section */
		90DDB4271D63BC3300D04134 /* PrehistoricBreakout */ = {
			isa = PBXNativeTarget;
			buildConfigurationList = 90DDB43A1D63BC3400D04134 /* Build configuration list for PBXNativeTarget "PrehistoricBreakout" */;
			buildPhases = (
				90DDB4241D63BC3300D04134 /* Sources */,
				90DDB4251D63BC3300D04134 /* Frameworks */,
				90DDB4261D63BC3300D04134 /* Resources */,
			);
			buildRules = (
			);
			dependencies = (
			);
			name = PrehistoricBreakout;
			productName = Breakout;
			productReference = 90DDB4281D63BC3300D04134 /* PrehistoricBreakout.app */;
			productType = "com.apple.product-type.application";
		};
/* End PBXNativeTarget section */

/* Begin PBXProject section */
		90DDB4201D63BC3300D04134 /* Project object */ = {
			isa = PBXProject;
			attributes = {
				LastSwiftUpdateCheck = 0730;
				LastUpgradeCheck = 0730;
				ORGANIZATIONNAME = "Michał Majchrzycki";
				TargetAttributes = {
					90DDB4271D63BC3300D04134 = {
						CreatedOnToolsVersion = 7.3.1;
					};
				};
			};
			buildConfigurationList = 90DDB4231D63BC3300D04134 /* Build configuration list for PBXProject "PrehistoricBreakout" */;
			compatibilityVersion = "Xcode 3.2";
			developmentRegion = English;
			hasScannedForEncodings = 0;
			knownRegions = (
				en,
				Base,
			);
			mainGroup = 90DDB41F1D63BC3300D04134;
			productRefGroup = 90DDB4291D63BC3300D04134 /* Products */;
			projectDirPath = "";
			projectRoot = "";
			targets = (
				90DDB4271D63BC3300D04134 /* PrehistoricBreakout */,
			);
		};
/* End PBXProject section */

/* Begin PBXResourcesBuildPhase section */
		90DDB4261D63BC3300D04134 /* Resources */ = {
			isa = PBXResourcesBuildPhase;
			buildActionMask = 2147483647;
			files = (
				908D052D1D64FA9800BAFF47 /* cavepaintings.jpg in Resources */,
				90E6B9061D7AEDEF00AE50AC /* winner.jpg in Resources */,
				90DDB4361D63BC3400D04134 /* LaunchScreen.storyboard in Resources */,
				90E6B91B1D7B7A5D00AE50AC /* rock-brick.png in Resources */,
				90F525791D74E07A00AF5789 /* Stones-50.png in Resources */,
				90DDB4331D63BC3400D04134 /* Assets.xcassets in Resources */,
				90E6B9081D7AEDEF00AE50AC /* mammoth.png in Resources */,
				90E6B91D1D7B7C8D00AE50AC /* paddle.png in Resources */,
				90F525781D74E07A00AF5789 /* Settings-50.png in Resources */,
				90E6B9091D7AEDEF00AE50AC /* stone.png in Resources */,
				90DDB4311D63BC3400D04134 /* Main.storyboard in Resources */,
				90E6B9071D7AEDEF00AE50AC /* game-over.jpg in Resources */,
			);
			runOnlyForDeploymentPostprocessing = 0;
		};
/* End PBXResourcesBuildPhase section */

/* Begin PBXSourcesBuildPhase section */
		90DDB4241D63BC3300D04134 /* Sources */ = {
			isa = PBXSourcesBuildPhase;
			buildActionMask = 2147483647;
			files = (
				90DDB42E1D63BC3400D04134 /* BreakoutViewController.swift in Sources */,
				90DDB42C1D63BC3400D04134 /* AppDelegate.swift in Sources */,
				908D053C1D68C05500BAFF47 /* BrekoutPhysics.swift in Sources */,
				909325161D7247FD0047A511 /* SettingsTableViewController.swift in Sources */,
			);
			runOnlyForDeploymentPostprocessing = 0;
		};
/* End PBXSourcesBuildPhase section */

/* Begin PBXVariantGroup section */
		90DDB42F1D63BC3400D04134 /* Main.storyboard */ = {
			isa = PBXVariantGroup;
			children = (
				90DDB4301D63BC3400D04134 /* Base */,
			);
			name = Main.storyboard;
			sourceTree = "<group>";
		};
		90DDB4341D63BC3400D04134 /* LaunchScreen.storyboard */ = {
			isa = PBXVariantGroup;
			children = (
				90DDB4351D63BC3400D04134 /* Base */,
			);
			name = LaunchScreen.storyboard;
			sourceTree = "<group>";
		};
/* End PBXVariantGroup section */

/* Begin XCBuildConfiguration section */
		90DDB4381D63BC3400D04134 /* Debug */ = {
			isa = XCBuildConfiguration;
			buildSettings = {
				ALWAYS_SEARCH_USER_PATHS = NO;
				CLANG_ANALYZER_NONNULL = YES;
				CLANG_CXX_LANGUAGE_STANDARD = "gnu++0x";
				CLANG_CXX_LIBRARY = "libc++";
				CLANG_ENABLE_MODULES = YES;
				CLANG_ENABLE_OBJC_ARC = YES;
				CLANG_WARN_BOOL_CONVERSION = YES;
				CLANG_WARN_CONSTANT_CONVERSION = YES;
				CLANG_WARN_DIRECT_OBJC_ISA_USAGE = YES_ERROR;
				CLANG_WARN_EMPTY_BODY = YES;
				CLANG_WARN_ENUM_CONVERSION = YES;
				CLANG_WARN_INT_CONVERSION = YES;
				CLANG_WARN_OBJC_ROOT_CLASS = YES_ERROR;
				CLANG_WARN_UNREACHABLE_CODE = YES;
				CLANG_WARN__DUPLICATE_METHOD_MATCH = YES;
				"CODE_SIGN_IDENTITY[sdk=iphoneos*]" = "iPhone Developer";
				COPY_PHASE_STRIP = NO;
				DEBUG_INFORMATION_FORMAT = dwarf;
				ENABLE_STRICT_OBJC_MSGSEND = YES;
				ENABLE_TESTABILITY = YES;
				GCC_C_LANGUAGE_STANDARD = gnu99;
				GCC_DYNAMIC_NO_PIC = NO;
				GCC_NO_COMMON_BLOCKS = YES;
				GCC_OPTIMIZATION_LEVEL = 0;
				GCC_PREPROCESSOR_DEFINITIONS = (
					"DEBUG=1",
					"$(inherited)",
				);
				GCC_WARN_64_TO_32_BIT_CONVERSION = YES;
				GCC_WARN_ABOUT_RETURN_TYPE = YES_ERROR;
				GCC_WARN_UNDECLARED_SELECTOR = YES;
				GCC_WARN_UNINITIALIZED_AUTOS = YES_AGGRESSIVE;
				GCC_WARN_UNUSED_FUNCTION = YES;
				GCC_WARN_UNUSED_VARIABLE = YES;
				IPHONEOS_DEPLOYMENT_TARGET = 9.3;
				MTL_ENABLE_DEBUG_INFO = YES;
				ONLY_ACTIVE_ARCH = YES;
				SDKROOT = iphoneos;
				SWIFT_OPTIMIZATION_LEVEL = "-Onone";
				TARGETED_DEVICE_FAMILY = "1,2";
			};
			name = Debug;
		};
		90DDB4391D63BC3400D04134 /* Release */ = {
			isa = XCBuildConfiguration;
			buildSettings = {
				ALWAYS_SEARCH_USER_PATHS = NO;
				CLANG_ANALYZER_NONNULL = YES;
				CLANG_CXX_LANGUAGE_STANDARD = "gnu++0x";
				CLANG_CXX_LIBRARY = "libc++";
				CLANG_ENABLE_MODULES = YES;
				CLANG_ENABLE_OBJC_ARC = YES;
				CLANG_WARN_BOOL_CONVERSION = YES;
				CLANG_WARN_CONSTANT_CONVERSION = YES;
				CLANG_WARN_DIRECT_OBJC_ISA_USAGE = YES_ERROR;
				CLANG_WARN_EMPTY_BODY = YES;
				CLANG_WARN_ENUM_CONVERSION = YES;
				CLANG_WARN_INT_CONVERSION = YES;
				CLANG_WARN_OBJC_ROOT_CLASS = YES_ERROR;
				CLANG_WARN_UNREACHABLE_CODE = YES;
				CLANG_WARN__DUPLICATE_METHOD_MATCH = YES;
				"CODE_SIGN_IDENTITY[sdk=iphoneos*]" = "iPhone Developer";
				COPY_PHASE_STRIP = NO;
				DEBUG_INFORMATION_FORMAT = "dwarf-with-dsym";
				ENABLE_NS_ASSERTIONS = NO;
				ENABLE_STRICT_OBJC_MSGSEND = YES;
				GCC_C_LANGUAGE_STANDARD = gnu99;
				GCC_NO_COMMON_BLOCKS = YES;
				GCC_WARN_64_TO_32_BIT_CONVERSION = YES;
				GCC_WARN_ABOUT_RETURN_TYPE = YES_ERROR;
				GCC_WARN_UNDECLARED_SELECTOR = YES;
				GCC_WARN_UNINITIALIZED_AUTOS = YES_AGGRESSIVE;
				GCC_WARN_UNUSED_FUNCTION = YES;
				GCC_WARN_UNUSED_VARIABLE = YES;
				IPHONEOS_DEPLOYMENT_TARGET = 9.3;
				MTL_ENABLE_DEBUG_INFO = NO;
				SDKROOT = iphoneos;
				TARGETED_DEVICE_FAMILY = "1,2";
				VALIDATE_PRODUCT = YES;
			};
			name = Release;
		};
		90DDB43B1D63BC3400D04134 /* Debug */ = {
			isa = XCBuildConfiguration;
			buildSettings = {
				ASSETCATALOG_COMPILER_APPICON_NAME = AppIcon;
				INFOPLIST_FILE = Breakout/Info.plist;
				LD_RUNPATH_SEARCH_PATHS = "$(inherited) @executable_path/Frameworks";
				PRODUCT_BUNDLE_IDENTIFIER = "Michal-Majchrzycki.PrehistoricBreakout";
				PRODUCT_NAME = PrehistoricBreakout;
			};
			name = Debug;
		};
		90DDB43C1D63BC3400D04134 /* Release */ = {
			isa = XCBuildConfiguration;
			buildSettings = {
				ASSETCATALOG_COMPILER_APPICON_NAME = AppIcon;
				INFOPLIST_FILE = Breakout/Info.plist;
				LD_RUNPATH_SEARCH_PATHS = "$(inherited) @executable_path/Frameworks";
				PRODUCT_BUNDLE_IDENTIFIER = "Michal-Majchrzycki.PrehistoricBreakout";
				PRODUCT_NAME = PrehistoricBreakout;
			};
			name = Release;
		};
/* End XCBuildConfiguration section */

/* Begin XCConfigurationList section */
		90DDB4231D63BC3300D04134 /* Build configuration list for PBXProject "PrehistoricBreakout" */ = {
			isa = XCConfigurationList;
			buildConfigurations = (
				90DDB4381D63BC3400D04134 /* Debug */,
				90DDB4391D63BC3400D04134 /* Release */,
			);
			defaultConfigurationIsVisible = 0;
			defaultConfigurationName = Release;
		};
		90DDB43A1D63BC3400D04134 /* Build configuration list for PBXNativeTarget "PrehistoricBreakout" */ = {
			isa = XCConfigurationList;
			buildConfigurations = (
				90DDB43B1D63BC3400D04134 /* Debug */,
				90DDB43C1D63BC3400D04134 /* Release */,
			);
			defaultConfigurationIsVisible = 0;
			defaultConfigurationName = Release;
		};
/* End XCConfigurationList section */
	};
	rootObject = 90DDB4201D63BC3300D04134 /* Project object */;
}
